
Microsoft Visual Studio Solution File, Format Version 12.00
# Visual Studio Version 17
VisualStudioVersion = 17.5.002.0
MinimumVisualStudioVersion = 10.0.40219.1
Project("{9A19103F-16F7-4668-BE54-9A1E7A4F7556}") = "MonPremierProjet", "MonPremierProjet.csproj", "{5F8240C2-E3EF-4338-9A77-B69E8C409691}"
EndProject
Global
	GlobalSection(SolutionConfigurationPlatforms) = preSolution
		Debug|Any CPU = Debug|Any CPU
		Release|Any CPU = Release|Any CPU
	EndGlobalSection
	GlobalSection(ProjectConfigurationPlatforms) = postSolution
		{5F8240C2-E3EF-4338-9A77-B69E8C409691}.Debug|Any CPU.ActiveCfg = Debug|Any CPU
		{5F8240C2-E3EF-4338-9A77-B69E8C409691}.Debug|Any CPU.Build.0 = Debug|Any CPU
		{5F8240C2-E3EF-4338-9A77-B69E8C409691}.Release|Any CPU.ActiveCfg = Release|Any CPU
		{5F8240C2-E3EF-4338-9A77-B69E8C409691}.Release|Any CPU.Build.0 = Release|Any CPU
	EndGlobalSection
	GlobalSection(SolutionProperties) = preSolution
		HideSolutionNode = FALSE
	EndGlobalSection
	GlobalSection(ExtensibilityGlobals) = postSolution
		SolutionGuid = {A6B2A0F4-FFB9-42E1-83E9-553C9BDBE6F1}
	EndGlobalSection
EndGlobal
